// !$*UTF8*$!
{
	archiveVersion = 1;
	classes = {
	};
	objectVersion = 56;
	objects = {

/* Begin PBXBuildFile section */
		70230FFF2F3E32B80085EC2E /* AppCommands.swift in Sources */ = {isa = PBXBuildFile; fileRef = 70230FFE2F3E32B80085EC2E /* AppCommands.swift */; };
		70BD0D912F84504F00113024 /* PDFExporter.swift in Sources */ = {isa = PBXBuildFile; fileRef = 70BD0D902F84504F00113024 /* PDFExporter.swift */; };
		70C9A47D2F7CF66E0096CF89 /* SummaryView.swift in Sources */ = {isa = PBXBuildFile; fileRef = 70C9A47C2F7CF66D0096CF89 /* SummaryView.swift */; };
		70E1F1282F838B6700559B3C /* SwiftDataSafety.md in Resources */ = {isa = PBXBuildFile; fileRef = 70E1F1272F838B6700559B3C /* SwiftDataSafety.md */; };
		B0000001 /* PersonalFinanceLedgerApp.swift in Sources */ = {isa = PBXBuildFile; fileRef = A0000001 /* PersonalFinanceLedgerApp.swift */; };
		B0000002 /* Transaction.swift in Sources */ = {isa = PBXBuildFile; fileRef = A0000002 /* Transaction.swift */; };
		B0000003 /* CSVImporter.swift in Sources */ = {isa = PBXBuildFile; fileRef = A0000003 /* CSVImporter.swift */; };
		B0000004 /* CategoryInfo.swift in Sources */ = {isa = PBXBuildFile; fileRef = A0000004 /* CategoryInfo.swift */; };
		B0000005 /* LedgerViewModel.swift in Sources */ = {isa = PBXBuildFile; fileRef = A0000005 /* LedgerViewModel.swift */; };
		B0000006 /* ContentView.swift in Sources */ = {isa = PBXBuildFile; fileRef = A0000006 /* ContentView.swift */; };
		B0000007 /* TransactionListView.swift in Sources */ = {isa = PBXBuildFile; fileRef = A0000007 /* TransactionListView.swift */; };
		B0000008 /* CategoryBadge.swift in Sources */ = {isa = PBXBuildFile; fileRef = A0000008 /* CategoryBadge.swift */; };
		B0000009 /* FilterPanelView.swift in Sources */ = {isa = PBXBuildFile; fileRef = A0000009 /* FilterPanelView.swift */; };
		B000000A /* InputBarView.swift in Sources */ = {isa = PBXBuildFile; fileRef = A000000A /* InputBarView.swift */; };
		B000000B /* EditTransactionSheet.swift in Sources */ = {isa = PBXBuildFile; fileRef = A000000B /* EditTransactionSheet.swift */; };
		B000000C /* Assets.xcassets in Resources */ = {isa = PBXBuildFile; fileRef = A000000C /* Assets.xcassets */; };
		B000000D /* CategoryItem.swift in Sources */ = {isa = PBXBuildFile; fileRef = A000000D2 /* CategoryItem.swift */; };
		B000000E /* AccountItem.swift in Sources */ = {isa = PBXBuildFile; fileRef = A000000E /* AccountItem.swift */; };
		B000000F /* AddCategorySheet.swift in Sources */ = {isa = PBXBuildFile; fileRef = A000000F /* AddCategorySheet.swift */; };
		B0000010 /* EditCategorySheet.swift in Sources */ = {isa = PBXBuildFile; fileRef = A0000010 /* EditCategorySheet.swift */; };
		B0000011 /* AddAccountSheet.swift in Sources */ = {isa = PBXBuildFile; fileRef = A0000011 /* AddAccountSheet.swift */; };
		B0000012 /* EditAccountSheet.swift in Sources */ = {isa = PBXBuildFile; fileRef = A0000012 /* EditAccountSheet.swift */; };
		B0000013 /* BackupManager.swift in Sources */ = {isa = PBXBuildFile; fileRef = A0000013 /* BackupManager.swift */; };
		B0000014 /* SchemaVersioning.swift in Sources */ = {isa = PBXBuildFile; fileRef = A0000014 /* SchemaVersioning.swift */; };
/* End PBXBuildFile section */

/* Begin PBXFileReference section */
		70230FFE2F3E32B80085EC2E /* AppCommands.swift */ = {isa = PBXFileReference; lastKnownFileType = sourcecode.swift; path = AppCommands.swift; sourceTree = "<group>"; };
		70BD0D902F84504F00113024 /* PDFExporter.swift */ = {isa = PBXFileReference; lastKnownFileType = sourcecode.swift; path = PDFExporter.swift; sourceTree = "<group>"; };
		70C9A47C2F7CF66D0096CF89 /* SummaryView.swift */ = {isa = PBXFileReference; lastKnownFileType = sourcecode.swift; path = SummaryView.swift; sourceTree = "<group>"; };
		70E1F1272F838B6700559B3C /* SwiftDataSafety.md */ = {isa = PBXFileReference; lastKnownFileType = net.daringfireball.markdown; path = SwiftDataSafety.md; sourceTree = "<group>"; };
		A0000001 /* PersonalFinanceLedgerApp.swift */ = {isa = PBXFileReference; lastKnownFileType = sourcecode.swift; path = PersonalFinanceLedgerApp.swift; sourceTree = "<group>"; };
		A0000002 /* Transaction.swift */ = {isa = PBXFileReference; lastKnownFileType = sourcecode.swift; path = Transaction.swift; sourceTree = "<group>"; };
		A0000003 /* CSVImporter.swift */ = {isa = PBXFileReference; lastKnownFileType = sourcecode.swift; path = CSVImporter.swift; sourceTree = "<group>"; };
		A0000004 /* CategoryInfo.swift */ = {isa = PBXFileReference; lastKnownFileType = sourcecode.swift; path = CategoryInfo.swift; sourceTree = "<group>"; };
		A0000005 /* LedgerViewModel.swift */ = {isa = PBXFileReference; lastKnownFileType = sourcecode.swift; path = LedgerViewModel.swift; sourceTree = "<group>"; };
		A0000006 /* ContentView.swift */ = {isa = PBXFileReference; lastKnownFileType = sourcecode.swift; path = ContentView.swift; sourceTree = "<group>"; };
		A0000007 /* TransactionListView.swift */ = {isa = PBXFileReference; lastKnownFileType = sourcecode.swift; path = TransactionListView.swift; sourceTree = "<group>"; };
		A0000008 /* CategoryBadge.swift */ = {isa = PBXFileReference; lastKnownFileType = sourcecode.swift; path = CategoryBadge.swift; sourceTree = "<group>"; };
		A0000009 /* FilterPanelView.swift */ = {isa = PBXFileReference; lastKnownFileType = sourcecode.swift; path = FilterPanelView.swift; sourceTree = "<group>"; };
		A000000A /* InputBarView.swift */ = {isa = PBXFileReference; lastKnownFileType = sourcecode.swift; path = InputBarView.swift; sourceTree = "<group>"; };
		A000000B /* EditTransactionSheet.swift */ = {isa = PBXFileReference; lastKnownFileType = sourcecode.swift; path = EditTransactionSheet.swift; sourceTree = "<group>"; };
		A000000C /* Assets.xcassets */ = {isa = PBXFileReference; lastKnownFileType = folder.assetcatalog; path = Assets.xcassets; sourceTree = "<group>"; };
		A000000D /* PersonalFinanceLedgerApp.app */ = {isa = PBXFileReference; explicitFileType = wrapper.application; includeInIndex = 0; path = PersonalFinanceLedgerApp.app; sourceTree = BUILT_PRODUCTS_DIR; };
		A000000D2 /* CategoryItem.swift */ = {isa = PBXFileReference; lastKnownFileType = sourcecode.swift; path = CategoryItem.swift; sourceTree = "<group>"; };
		A000000E /* AccountItem.swift */ = {isa = PBXFileReference; lastKnownFileType = sourcecode.swift; path = AccountItem.swift; sourceTree = "<group>"; };
		A000000F /* AddCategorySheet.swift */ = {isa = PBXFileReference; lastKnownFileType = sourcecode.swift; path = AddCategorySheet.swift; sourceTree = "<group>"; };
		A0000010 /* EditCategorySheet.swift */ = {isa = PBXFileReference; lastKnownFileType = sourcecode.swift; path = EditCategorySheet.swift; sourceTree = "<group>"; };
		A0000011 /* AddAccountSheet.swift */ = {isa = PBXFileReference; lastKnownFileType = sourcecode.swift; path = AddAccountSheet.swift; sourceTree = "<group>"; };
		A0000012 /* EditAccountSheet.swift */ = {isa = PBXFileReference; lastKnownFileType = sourcecode.swift; path = EditAccountSheet.swift; sourceTree = "<group>"; };
		A0000013 /* BackupManager.swift */ = {isa = PBXFileReference; lastKnownFileType = sourcecode.swift; path = BackupManager.swift; sourceTree = "<group>"; };
		A0000014 /* SchemaVersioning.swift */ = {isa = PBXFileReference; lastKnownFileType = sourcecode.swift; path = SchemaVersioning.swift; sourceTree = "<group>"; };
/* End PBXFileReference section */

/* Begin PBXFrameworksBuildPhase section */
		D0000003 /* Frameworks */ = {
			isa = PBXFrameworksBuildPhase;
			buildActionMask = 2147483647;
			files = (
			);
			runOnlyForDeploymentPostprocessing = 0;
		};
/* End PBXFrameworksBuildPhase section */

/* Begin PBXGroup section */
		C0000001 = {
			isa = PBXGroup;
			children = (
				C0000002 /* PersonalFinanceLedgerApp */,
				C0000006 /* Products */,
			);
			sourceTree = "<group>";
		};
		C0000002 /* PersonalFinanceLedgerApp */ = {
			isa = PBXGroup;
			children = (
				A0000001 /* PersonalFinanceLedgerApp.swift */,
				C0000003 /* Models */,
				C0000004 /* ViewModels */,
				C0000005 /* Views */,
				A000000C /* Assets.xcassets */,
			);
			path = PersonalFinanceLedgerApp;
			sourceTree = "<group>";
		};
		C0000003 /* Models */ = {
			isa = PBXGroup;
			children = (
				A0000002 /* Transaction.swift */,
				A0000003 /* CSVImporter.swift */,
				A0000004 /* CategoryInfo.swift */,
				A000000D2 /* CategoryItem.swift */,
				A000000E /* AccountItem.swift */,
				A0000013 /* BackupManager.swift */,
				A0000014 /* SchemaVersioning.swift */,
			);
			path = Models;
			sourceTree = "<group>";
		};
		C0000004 /* ViewModels */ = {
			isa = PBXGroup;
			children = (
				A0000005 /* LedgerViewModel.swift */,
			);
			path = ViewModels;
			sourceTree = "<group>";
		};
		C0000005 /* Views */ = {
			isa = PBXGroup;
			children = (
				70BD0D902F84504F00113024 /* PDFExporter.swift */,
				70C9A47C2F7CF66D0096CF89 /* SummaryView.swift */,
				A0000006 /* ContentView.swift */,
				A0000007 /* TransactionListView.swift */,
				A0000008 /* CategoryBadge.swift */,
				A0000009 /* FilterPanelView.swift */,
				A000000A /* InputBarView.swift */,
				A000000B /* EditTransactionSheet.swift */,
				A000000F /* AddCategorySheet.swift */,
				A0000010 /* EditCategorySheet.swift */,
				A0000011 /* AddAccountSheet.swift */,
				A0000012 /* EditAccountSheet.swift */,
				70230FFE2F3E32B80085EC2E /* AppCommands.swift */,
				70E1F1272F838B6700559B3C /* SwiftDataSafety.md */,
			);
			path = Views;
			sourceTree = "<group>";
		};
		C0000006 /* Products */ = {
			isa = PBXGroup;
			children = (
				A000000D /* PersonalFinanceLedgerApp.app */,
			);
			name = Products;
			sourceTree = "<group>";
		};
/* End PBXGroup section */

/* Begin PBXNativeTarget section */
		E0000001 /* PersonalFinanceLedgerApp */ = {
			isa = PBXNativeTarget;
			buildConfigurationList = G0000002 /* Build configuration list for PBXNativeTarget "PersonalFinanceLedgerApp" */;
			buildPhases = (
				D0000001 /* Sources */,
				D0000002 /* Resources */,
				D0000003 /* Frameworks */,
			);
			buildRules = (
			);
			dependencies = (
			);
			name = PersonalFinanceLedgerApp;
			productName = PersonalFinanceLedgerApp;
			productReference = A000000D /* PersonalFinanceLedgerApp.app */;
			productType = "com.apple.product-type.application";
		};
/* End PBXNativeTarget section */

/* Begin PBXProject section */
		F0000001 /* Project object */ = {
			isa = PBXProject;
			attributes = {
				BuildIndependentTargetsInParallel = 1;
				LastSwiftUpdateCheck = 1500;
				LastUpgradeCheck = 1500;
				TargetAttributes = {
					E0000001 = {
						CreatedOnToolsVersion = 15.0;
					};
				};
			};
			buildConfigurationList = G0000001 /* Build configuration list for PBXProject "PersonalFinanceLedgerApp" */;
			compatibilityVersion = "Xcode 14.0";
			developmentRegion = en;
			hasScannedForEncodings = 0;
			knownRegions = (
				en,
				Base,
			);
			mainGroup = C0000001;
			productRefGroup = C0000006 /* Products */;
			projectDirPath = "";
			projectRoot = "";
			targets = (
				E0000001 /* PersonalFinanceLedgerApp */,
			);
		};
/* End PBXProject section */

/* Begin PBXResourcesBuildPhase section */
		D0000002 /* Resources */ = {
			isa = PBXResourcesBuildPhase;
			buildActionMask = 2147483647;
			files = (
				70E1F1282F838B6700559B3C /* SwiftDataSafety.md in Resources */,
				B000000C /* Assets.xcassets in Resources */,
			);
			runOnlyForDeploymentPostprocessing = 0;
		};
/* End PBXResourcesBuildPhase section */

/* Begin PBXSourcesBuildPhase section */
		D0000001 /* Sources */ = {
			isa = PBXSourcesBuildPhase;
			buildActionMask = 2147483647;
			files = (
				B0000001 /* PersonalFinanceLedgerApp.swift in Sources */,
				B0000002 /* Transaction.swift in Sources */,
				B0000003 /* CSVImporter.swift in Sources */,
				B0000004 /* CategoryInfo.swift in Sources */,
				B0000005 /* LedgerViewModel.swift in Sources */,
				B0000006 /* ContentView.swift in Sources */,
				B0000007 /* TransactionListView.swift in Sources */,
				B0000008 /* CategoryBadge.swift in Sources */,
				70C9A47D2F7CF66E0096CF89 /* SummaryView.swift in Sources */,
				B0000009 /* FilterPanelView.swift in Sources */,
				B000000A /* InputBarView.swift in Sources */,
				B000000B /* EditTransactionSheet.swift in Sources */,
				B000000D /* CategoryItem.swift in Sources */,
				B000000E /* AccountItem.swift in Sources */,
				70230FFF2F3E32B80085EC2E /* AppCommands.swift in Sources */,
				B000000F /* AddCategorySheet.swift in Sources */,
				B0000010 /* EditCategorySheet.swift in Sources */,
				B0000011 /* AddAccountSheet.swift in Sources */,
				B0000012 /* EditAccountSheet.swift in Sources */,
				B0000013 /* BackupManager.swift in Sources */,
				B0000014 /* SchemaVersioning.swift in Sources */,
				70BD0D912F84504F00113024 /* PDFExporter.swift in Sources */,
			);
			runOnlyForDeploymentPostprocessing = 0;
		};
/* End PBXSourcesBuildPhase section */

/* Begin XCBuildConfiguration section */
		H0000001 /* Debug */ = {
			isa = XCBuildConfiguration;
			buildSettings = {
				ALWAYS_SEARCH_USER_PATHS = NO;
				ASSETCATALOG_COMPILER_GENERATE_SWIFT_ASSET_SYMBOL_EXTENSIONS = YES;
				CLANG_ANALYZER_NONNULL = YES;
				CLANG_CXX_LANGUAGE_STANDARD = "gnu++20";
				CLANG_ENABLE_MODULES = YES;
				CLANG_ENABLE_OBJC_ARC = YES;
				COPY_PHASE_STRIP = NO;
				DEBUG_INFORMATION_FORMAT = dwarf;
				ENABLE_STRICT_OBJC_MSGSEND = YES;
				ENABLE_TESTABILITY = YES;
				ENABLE_USER_SCRIPT_SANDBOXING = YES;
				GCC_C_LANGUAGE_STANDARD = gnu17;
				GCC_DYNAMIC_NO_PIC = NO;
				GCC_OPTIMIZATION_LEVEL = 0;
				GCC_WARN_ABOUT_RETURN_TYPE = YES_ERROR;
				GCC_WARN_UNINITIALIZED_AUTOS = YES_AGGRESSIVE;
				MTL_ENABLE_DEBUG_INFO = INCLUDE_SOURCE;
				MTL_FAST_MATH = YES;
				ONLY_ACTIVE_ARCH = YES;
				SDKROOT = macosx;
				SWIFT_ACTIVE_COMPILATION_CONDITIONS = "DEBUG $(inherited)";
				SWIFT_OPTIMIZATION_LEVEL = "-Onone";
			};
			name = Debug;
		};
		H0000002 /* Release */ = {
			isa = XCBuildConfiguration;
			buildSettings = {
				ALWAYS_SEARCH_USER_PATHS = NO;
				ASSETCATALOG_COMPILER_GENERATE_SWIFT_ASSET_SYMBOL_EXTENSIONS = YES;
				CLANG_ANALYZER_NONNULL = YES;
				CLANG_CXX_LANGUAGE_STANDARD = "gnu++20";
				CLANG_ENABLE_MODULES = YES;
				CLANG_ENABLE_OBJC_ARC = YES;
				COPY_PHASE_STRIP = NO;
				DEBUG_INFORMATION_FORMAT = "dwarf-with-dsym";
				ENABLE_NS_ASSERTIONS = NO;
				ENABLE_STRICT_OBJC_MSGSEND = YES;
				ENABLE_USER_SCRIPT_SANDBOXING = YES;
				GCC_C_LANGUAGE_STANDARD = gnu17;
				GCC_WARN_ABOUT_RETURN_TYPE = YES_ERROR;
				GCC_WARN_UNINITIALIZED_AUTOS = YES_AGGRESSIVE;
				MTL_ENABLE_DEBUG_INFO = NO;
				MTL_FAST_MATH = YES;
				SDKROOT = macosx;
				SWIFT_COMPILATION_MODE = wholemodule;
			};
			name = Release;
		};
		H0000003 /* Debug */ = {
			isa = XCBuildConfiguration;
			buildSettings = {
				ASSETCATALOG_COMPILER_APPICON_NAME = AppIcon;
				ASSETCATALOG_COMPILER_GLOBAL_ACCENT_COLOR_NAME = AccentColor;
				CODE_SIGN_ENTITLEMENTS = "";
				CODE_SIGN_STYLE = Automatic;
				COMBINE_HIDPI_IMAGES = YES;
				CURRENT_PROJECT_VERSION = 1;
				DEVELOPMENT_ASSET_PATHS = "";
				ENABLE_HARDENED_RUNTIME = YES;
				GENERATE_INFOPLIST_FILE = YES;
				INFOPLIST_KEY_CFBundleDisplayName = "Finance Ledger";
				INFOPLIST_KEY_LSApplicationCategoryType = "public.app-category.finance";
				INFOPLIST_KEY_NSHumanReadableCopyright = "";
				LD_RUNPATH_SEARCH_PATHS = (
					"$(inherited)",
					"@executable_path/../Frameworks",
				);
				MACOSX_DEPLOYMENT_TARGET = 14.0;
				MARKETING_VERSION = 1.0;
				PRODUCT_BUNDLE_IDENTIFIER = com.personalfinance.ledger;
				PRODUCT_NAME = "$(TARGET_NAME)";
				SUPPORTED_PLATFORMS = "iphoneos iphonesimulator macosx";
				SUPPORTS_MACCATALYST = NO;
				SWIFT_EMIT_LOC_STRINGS = YES;
				SWIFT_VERSION = 5.0;
				TARGETED_DEVICE_FAMILY = 1;
			};
			name = Debug;
		};
		H0000004 /* Release */ = {
			isa = XCBuildConfiguration;
			buildSettings = {
				ASSETCATALOG_COMPILER_APPICON_NAME = AppIcon;
				ASSETCATALOG_COMPILER_GLOBAL_ACCENT_COLOR_NAME = AccentColor;
				CODE_SIGN_ENTITLEMENTS = "";
				CODE_SIGN_STYLE = Automatic;
				COMBINE_HIDPI_IMAGES = YES;
				CURRENT_PROJECT_VERSION = 1;
				DEVELOPMENT_ASSET_PATHS = "";
				ENABLE_HARDENED_RUNTIME = YES;
				GENERATE_INFOPLIST_FILE = YES;
				INFOPLIST_KEY_CFBundleDisplayName = "Finance Ledger";
				INFOPLIST_KEY_LSApplicationCategoryType = "public.app-category.finance";
				INFOPLIST_KEY_NSHumanReadableCopyright = "";
				LD_RUNPATH_SEARCH_PATHS = (
					"$(inherited)",
					"@executable_path/../Frameworks",
				);
				MACOSX_DEPLOYMENT_TARGET = 14.0;
				MARKETING_VERSION = 1.0;
				PRODUCT_BUNDLE_IDENTIFIER = com.personalfinance.ledger;
				PRODUCT_NAME = "$(TARGET_NAME)";
				SUPPORTED_PLATFORMS = "iphoneos iphonesimulator macosx";
				SUPPORTS_MACCATALYST = NO;
				SWIFT_EMIT_LOC_STRINGS = YES;
				SWIFT_VERSION = 5.0;
				TARGETED_DEVICE_FAMILY = 1;
			};
			name = Release;
		};
/* End XCBuildConfiguration section */

/* Begin XCConfigurationList section */
		G0000001 /* Build configuration list for PBXProject "PersonalFinanceLedgerApp" */ = {
			isa = XCConfigurationList;
			buildConfigurations = (
				H0000001 /* Debug */,
				H0000002 /* Release */,
			);
			defaultConfigurationIsVisible = 0;
			defaultConfigurationName = Release;
		};
		G0000002 /* Build configuration list for PBXNativeTarget "PersonalFinanceLedgerApp" */ = {
			isa = XCConfigurationList;
			buildConfigurations = (
				H0000003 /* Debug */,
				H0000004 /* Release */,
			);
			defaultConfigurationIsVisible = 0;
			defaultConfigurationName = Release;
		};
/* End XCConfigurationList section */
	};
	rootObject = F0000001 /* Project object */;
}
